<?xml version="1.0" encoding="utf-8"?>
<Project ToolsVersion="16.0" xmlns="http://schemas.microsoft.com/developer/msbuild/2003">
  <ItemGroup>
    <ClCompile Include="C:\Users\Admin\Downloads\openpose\python\openpose\openpose_python.cpp">
      <Filter>Source Files</Filter>
    </ClCompile>
  </ItemGroup>
  <ItemGroup>
    <Filter Include="Source Files">
      <UniqueIdentifier>{065F6312-D98C-3F8C-B06F-F6715D6DCFD9}</UniqueIdentifier>
    </Filter>
  </ItemGroup>
</Project>
